
Microsoft Visual Studio Solution File, Format Version 12.00
# Visual Studio 15
VisualStudioVersion = 15.0.28307.329
MinimumVisualStudioVersion = 10.0.40219.1
Project("{FAE04EC0-301F-11D3-BF4B-00C04F79EFBC}") = "HighCard", "HighCard\HighCard.csproj", "{323FBC54-2C6C-4E18-83BA-7F31AB229B5C}"
EndProject
Global
	GlobalSection(SolutionConfigurationPlatforms) = preSolution
		Debug|Any CPU = Debug|Any CPU
		Release|Any CPU = Release|Any CPU
	EndGlobalSection
	GlobalSection(ProjectConfigurationPlatforms) = postSolution
		{323FBC54-2C6C-4E18-83BA-7F31AB229B5C}.Debug|Any CPU.ActiveCfg = Debug|Any CPU
		{323FBC54-2C6C-4E18-83BA-7F31AB229B5C}.Debug|Any CPU.Build.0 = Debug|Any CPU
		{323FBC54-2C6C-4E18-83BA-7F31AB229B5C}.Release|Any CPU.ActiveCfg = Release|Any CPU
		{323FBC54-2C6C-4E18-83BA-7F31AB229B5C}.Release|Any CPU.Build.0 = Release|Any CPU
	EndGlobalSection
	GlobalSection(SolutionProperties) = preSolution
		HideSolutionNode = FALSE
	EndGlobalSection
	GlobalSection(ExtensibilityGlobals) = postSolution
		SolutionGuid = {87A6FED5-0A60-4460-9143-E78A927F130C}
	EndGlobalSection
EndGlobal
